// !$*UTF8*$!
{
	archiveVersion = 1;
	classes = {
	};
	objectVersion = 50;
	objects = {

/* Begin PBXBuildFile section */
		3D34DC86225351BE00590FD2 /* Button+Lufa.swift in Sources */ = {isa = PBXBuildFile; fileRef = 3D34DC85225351BE00590FD2 /* Button+Lufa.swift */; };
		3D34DC882253536700590FD2 /* ProgressPresenter.swift in Sources */ = {isa = PBXBuildFile; fileRef = 3D34DC872253536700590FD2 /* ProgressPresenter.swift */; };
		3DA47B7422A4EF470095FA85 /* RemoteRepositoryContext+Duty.swift in Sources */ = {isa = PBXBuildFile; fileRef = 3DA47B7322A4EF470095FA85 /* RemoteRepositoryContext+Duty.swift */; };
		3DA47B7622A501370095FA85 /* DateFormatter+Lufa.swift in Sources */ = {isa = PBXBuildFile; fileRef = 3DA47B7522A501370095FA85 /* DateFormatter+Lufa.swift */; };
		3DA47B7A22A524310095FA85 /* NSManagedObject+Lufa.swift in Sources */ = {isa = PBXBuildFile; fileRef = 3DA47B7922A524310095FA85 /* NSManagedObject+Lufa.swift */; };
		3DA47B7C22A78E380095FA85 /* RemoteRepositoryContext+CheckIn.swift in Sources */ = {isa = PBXBuildFile; fileRef = 3DA47B7B22A78E380095FA85 /* RemoteRepositoryContext+CheckIn.swift */; };
		3DA47B8122A7BD530095FA85 /* LocalRepositoryContext+CheckIn.swift in Sources */ = {isa = PBXBuildFile; fileRef = 3DA47B8022A7BD530095FA85 /* LocalRepositoryContext+CheckIn.swift */; };
		3DA47B8322A7C4520095FA85 /* RemoteRepositoryContext+Flight.swift in Sources */ = {isa = PBXBuildFile; fileRef = 3DA47B8222A7C4520095FA85 /* RemoteRepositoryContext+Flight.swift */; };
		3DA47B8522AA534B0095FA85 /* LocalRepositoryContext+Crew.swift in Sources */ = {isa = PBXBuildFile; fileRef = 3DA47B8422AA534A0095FA85 /* LocalRepositoryContext+Crew.swift */; };
		3DA6E9852255F71900015999 /* LanguageViewController.swift in Sources */ = {isa = PBXBuildFile; fileRef = 3DA6E9842255F71900015999 /* LanguageViewController.swift */; };
		3DA6E9872255F74100015999 /* Language.storyboard in Resources */ = {isa = PBXBuildFile; fileRef = 3DA6E9862255F74100015999 /* Language.storyboard */; };
		3DA6E98C22560AF600015999 /* Localizable.strings in Resources */ = {isa = PBXBuildFile; fileRef = 3DA6E98E22560AF600015999 /* Localizable.strings */; };
		3DA6E99322560B7C00015999 /* String+Lufa.swift in Sources */ = {isa = PBXBuildFile; fileRef = 3DA6E99222560B7C00015999 /* String+Lufa.swift */; };
		3DA6E996225610B100015999 /* LanguageManager.swift in Sources */ = {isa = PBXBuildFile; fileRef = 3DA6E995225610B100015999 /* LanguageManager.swift */; };
		3DABA3E9223B90DE00469FD1 /* AppDelegate.swift in Sources */ = {isa = PBXBuildFile; fileRef = 3DABA3E8223B90DE00469FD1 /* AppDelegate.swift */; };
		3DABA3EB223B90DE00469FD1 /* LaunchViewController.swift in Sources */ = {isa = PBXBuildFile; fileRef = 3DABA3EA223B90DE00469FD1 /* LaunchViewController.swift */; };
		3DABA3EE223B90DE00469FD1 /* Home.storyboard in Resources */ = {isa = PBXBuildFile; fileRef = 3DABA3EC223B90DE00469FD1 /* Home.storyboard */; };
		3DABA3F1223B90DE00469FD1 /* Lufa.xcdatamodeld in Sources */ = {isa = PBXBuildFile; fileRef = 3DABA3EF223B90DE00469FD1 /* Lufa.xcdatamodeld */; };
		3DABA3F3223B90E100469FD1 /* Assets.xcassets in Resources */ = {isa = PBXBuildFile; fileRef = 3DABA3F2223B90E100469FD1 /* Assets.xcassets */; };
		3DABA3F6223B90E100469FD1 /* Launch.storyboard in Resources */ = {isa = PBXBuildFile; fileRef = 3DABA3F4223B90E100469FD1 /* Launch.storyboard */; };
		3DAD82A322B28CF200131683 /* HomeFlightCollectionViewCell.swift in Sources */ = {isa = PBXBuildFile; fileRef = 3DAD82A222B28CF200131683 /* HomeFlightCollectionViewCell.swift */; };
		3DAD82A622B28D2700131683 /* HomeFlightCollectionViewCell.xib in Resources */ = {isa = PBXBuildFile; fileRef = 3DAD82A522B28D2700131683 /* HomeFlightCollectionViewCell.xib */; };
		3DAD82A822B28DC300131683 /* HomeFlightsTableViewCell.swift in Sources */ = {isa = PBXBuildFile; fileRef = 3DAD82A722B28DC300131683 /* HomeFlightsTableViewCell.swift */; };
		3DAD82AA22B28DCD00131683 /* HomeFlightsTableViewCell.xib in Resources */ = {isa = PBXBuildFile; fileRef = 3DAD82A922B28DCD00131683 /* HomeFlightsTableViewCell.xib */; };
		3DCB50C622AE58CB00C0AFF0 /* RemoteRepositoryContext+Country.swift in Sources */ = {isa = PBXBuildFile; fileRef = 3DCB50C522AE58CB00C0AFF0 /* RemoteRepositoryContext+Country.swift */; };
		3DCB50CD22AE652D00C0AFF0 /* Country+CoreDataClass.swift in Sources */ = {isa = PBXBuildFile; fileRef = 3DCB50CB22AE652D00C0AFF0 /* Country+CoreDataClass.swift */; };
		3DCB50CE22AE652D00C0AFF0 /* Country+CoreDataProperties.swift in Sources */ = {isa = PBXBuildFile; fileRef = 3DCB50CC22AE652D00C0AFF0 /* Country+CoreDataProperties.swift */; };
		3DCB50D022AE750D00C0AFF0 /* RemoteRepositoryContext+City.swift in Sources */ = {isa = PBXBuildFile; fileRef = 3DCB50CF22AE750D00C0AFF0 /* RemoteRepositoryContext+City.swift */; };
		3DCB50D322AE778100C0AFF0 /* City+CoreDataClass.swift in Sources */ = {isa = PBXBuildFile; fileRef = 3DCB50D122AE778100C0AFF0 /* City+CoreDataClass.swift */; };
		3DCB50D422AE778100C0AFF0 /* City+CoreDataProperties.swift in Sources */ = {isa = PBXBuildFile; fileRef = 3DCB50D222AE778100C0AFF0 /* City+CoreDataProperties.swift */; };
		3DCB50D722AF7E2B00C0AFF0 /* Employee+CoreDataClass.swift in Sources */ = {isa = PBXBuildFile; fileRef = 3DCB50D522AF7E2B00C0AFF0 /* Employee+CoreDataClass.swift */; };
		3DCB50D822AF7E2B00C0AFF0 /* Employee+CoreDataProperties.swift in Sources */ = {isa = PBXBuildFile; fileRef = 3DCB50D622AF7E2B00C0AFF0 /* Employee+CoreDataProperties.swift */; };
		3DCB50DA22AF814700C0AFF0 /* LocalRepositoryContext+Employee.swift in Sources */ = {isa = PBXBuildFile; fileRef = 3DCB50D922AF814700C0AFF0 /* LocalRepositoryContext+Employee.swift */; };
		3DCB50E022AF84E800C0AFF0 /* MenuFactory.swift in Sources */ = {isa = PBXBuildFile; fileRef = 3DCB50DF22AF84E800C0AFF0 /* MenuFactory.swift */; };
		3DCB50E422AF88CC00C0AFF0 /* MenuBaseItem.swift in Sources */ = {isa = PBXBuildFile; fileRef = 3DCB50E322AF88CC00C0AFF0 /* MenuBaseItem.swift */; };
		3DCB50E622AF88EF00C0AFF0 /* MenuHomeItem.swift in Sources */ = {isa = PBXBuildFile; fileRef = 3DCB50E522AF88EF00C0AFF0 /* MenuHomeItem.swift */; };
		3DCB50E822AF891800C0AFF0 /* MenuProfileItem.swift in Sources */ = {isa = PBXBuildFile; fileRef = 3DCB50E722AF891800C0AFF0 /* MenuProfileItem.swift */; };
		3DCB50EA22AF899300C0AFF0 /* MenuTapBarController.swift in Sources */ = {isa = PBXBuildFile; fileRef = 3DCB50E922AF899300C0AFF0 /* MenuTapBarController.swift */; };
		3DCB50EC22AF89E600C0AFF0 /* Menu.storyboard in Resources */ = {isa = PBXBuildFile; fileRef = 3DCB50EB22AF89E600C0AFF0 /* Menu.storyboard */; };
		3DD4A3AC2244DB84002B6A77 /* config.plist in Resources */ = {isa = PBXBuildFile; fileRef = 3DD4A3AB2244DB84002B6A77 /* config.plist */; };
		3DD4A3AF2244E2AB002B6A77 /* ConfigurationManager.swift in Sources */ = {isa = PBXBuildFile; fileRef = 3DD4A3AE2244E2AB002B6A77 /* ConfigurationManager.swift */; };
		3DD4A3B222452539002B6A77 /* BaseViewController.swift in Sources */ = {isa = PBXBuildFile; fileRef = 3DD4A3B122452539002B6A77 /* BaseViewController.swift */; };
		3DD5696C22AF91EE00E43B38 /* ProfileViewController.swift in Sources */ = {isa = PBXBuildFile; fileRef = 3DD5696B22AF91EE00E43B38 /* ProfileViewController.swift */; };
		3DD5696E22AF920700E43B38 /* Profile.storyboard in Resources */ = {isa = PBXBuildFile; fileRef = 3DD5696D22AF920700E43B38 /* Profile.storyboard */; };
		3DD5697422AF9FB700E43B38 /* FlightListViewController.swift in Sources */ = {isa = PBXBuildFile; fileRef = 3DD5697322AF9FB700E43B38 /* FlightListViewController.swift */; };
		3DD5697622AF9FF300E43B38 /* Flight.storyboard in Resources */ = {isa = PBXBuildFile; fileRef = 3DD5697522AF9FF300E43B38 /* Flight.storyboard */; };
		3DD5697A22AFA10D00E43B38 /* FlightTableViewCell.swift in Sources */ = {isa = PBXBuildFile; fileRef = 3DD5697822AFA10D00E43B38 /* FlightTableViewCell.swift */; };
		3DD5697B22AFA10D00E43B38 /* FlightTableViewCell.xib in Resources */ = {isa = PBXBuildFile; fileRef = 3DD5697922AFA10D00E43B38 /* FlightTableViewCell.xib */; };
		3DD5697D22AFADBB00E43B38 /* LocalRepositoryContext+Flight.swift in Sources */ = {isa = PBXBuildFile; fileRef = 3DD5697C22AFADBB00E43B38 /* LocalRepositoryContext+Flight.swift */; };
		3DD5697F22B0CF5000E43B38 /* FlightDetailsViewController.swift in Sources */ = {isa = PBXBuildFile; fileRef = 3DD5697E22B0CF5000E43B38 /* FlightDetailsViewController.swift */; };
		3DD5698122B0CF8400E43B38 /* FlightDetails.storyboard in Resources */ = {isa = PBXBuildFile; fileRef = 3DD5698022B0CF8400E43B38 /* FlightDetails.storyboard */; };
		3DD5698622B2553B00E43B38 /* HomeHeaderTableViewCell.swift in Sources */ = {isa = PBXBuildFile; fileRef = 3DD5698522B2553B00E43B38 /* HomeHeaderTableViewCell.swift */; };
		3DD5698822B2555400E43B38 /* HomeHeaderTableViewCell.xib in Resources */ = {isa = PBXBuildFile; fileRef = 3DD5698722B2555400E43B38 /* HomeHeaderTableViewCell.xib */; };
		3DDDDB37224B8DE3006BFCD1 /* RemoteRepositoryContext+Crew.swift in Sources */ = {isa = PBXBuildFile; fileRef = 3DDDDB36224B8DE3006BFCD1 /* RemoteRepositoryContext+Crew.swift */; };
		3DDDDB39224B8F54006BFCD1 /* RemoteRepositoryContext.swift in Sources */ = {isa = PBXBuildFile; fileRef = 3DDDDB38224B8F54006BFCD1 /* RemoteRepositoryContext.swift */; };
		3DDDDB3B224E240E006BFCD1 /* HomeViewController.swift in Sources */ = {isa = PBXBuildFile; fileRef = 3DDDDB3A224E240E006BFCD1 /* HomeViewController.swift */; };
		3DDDDB3D224E3E68006BFCD1 /* RemoteRepositoryContext+Authenticate.swift in Sources */ = {isa = PBXBuildFile; fileRef = 3DDDDB3C224E3E68006BFCD1 /* RemoteRepositoryContext+Authenticate.swift */; };
		3DE0EE26229D1ADC009AD5D8 /* LocalRepositoryContext.swift in Sources */ = {isa = PBXBuildFile; fileRef = 3DE0EE25229D1AD9009AD5D8 /* LocalRepositoryContext.swift */; };
		3DE0EE44229D211E009AD5D8 /* DutyEvent+CoreDataClass.swift in Sources */ = {isa = PBXBuildFile; fileRef = 3DE0EE30229D211D009AD5D8 /* DutyEvent+CoreDataClass.swift */; };
		3DE0EE45229D211E009AD5D8 /* DutyEvent+CoreDataProperties.swift in Sources */ = {isa = PBXBuildFile; fileRef = 3DE0EE31229D211D009AD5D8 /* DutyEvent+CoreDataProperties.swift */; };
		3DE0EE46229D211E009AD5D8 /* DutyEventAttributes+CoreDataClass.swift in Sources */ = {isa = PBXBuildFile; fileRef = 3DE0EE32229D211D009AD5D8 /* DutyEventAttributes+CoreDataClass.swift */; };
		3DE0EE47229D211E009AD5D8 /* DutyEventAttributes+CoreDataProperties.swift in Sources */ = {isa = PBXBuildFile; fileRef = 3DE0EE33229D211D009AD5D8 /* DutyEventAttributes+CoreDataProperties.swift */; };
		3DE0EE48229D211E009AD5D8 /* DutyEventLink+CoreDataClass.swift in Sources */ = {isa = PBXBuildFile; fileRef = 3DE0EE34229D211D009AD5D8 /* DutyEventLink+CoreDataClass.swift */; };
		3DE0EE49229D211E009AD5D8 /* DutyEventLink+CoreDataProperties.swift in Sources */ = {isa = PBXBuildFile; fileRef = 3DE0EE35229D211D009AD5D8 /* DutyEventLink+CoreDataProperties.swift */; };
		3DE0EE4A229D211E009AD5D8 /* CrewFlight+CoreDataClass.swift in Sources */ = {isa = PBXBuildFile; fileRef = 3DE0EE36229D211D009AD5D8 /* CrewFlight+CoreDataClass.swift */; };
		3DE0EE4B229D211E009AD5D8 /* CrewFlight+CoreDataProperties.swift in Sources */ = {isa = PBXBuildFile; fileRef = 3DE0EE37229D211D009AD5D8 /* CrewFlight+CoreDataProperties.swift */; };
		3DE0EE4C229D211E009AD5D8 /* CheckIn+CoreDataClass.swift in Sources */ = {isa = PBXBuildFile; fileRef = 3DE0EE38229D211D009AD5D8 /* CheckIn+CoreDataClass.swift */; };
		3DE0EE4D229D211E009AD5D8 /* CheckIn+CoreDataProperties.swift in Sources */ = {isa = PBXBuildFile; fileRef = 3DE0EE39229D211D009AD5D8 /* CheckIn+CoreDataProperties.swift */; };
		3DE0EE4E229D211E009AD5D8 /* CrewMember+CoreDataClass.swift in Sources */ = {isa = PBXBuildFile; fileRef = 3DE0EE3A229D211D009AD5D8 /* CrewMember+CoreDataClass.swift */; };
		3DE0EE4F229D211E009AD5D8 /* CrewMember+CoreDataProperties.swift in Sources */ = {isa = PBXBuildFile; fileRef = 3DE0EE3B229D211D009AD5D8 /* CrewMember+CoreDataProperties.swift */; };
		3DE0EE50229D211E009AD5D8 /* DutyDay+CoreDataClass.swift in Sources */ = {isa = PBXBuildFile; fileRef = 3DE0EE3C229D211D009AD5D8 /* DutyDay+CoreDataClass.swift */; };
		3DE0EE51229D211E009AD5D8 /* DutyDay+CoreDataProperties.swift in Sources */ = {isa = PBXBuildFile; fileRef = 3DE0EE3D229D211D009AD5D8 /* DutyDay+CoreDataProperties.swift */; };
		3DE0EE52229D211E009AD5D8 /* Flight+CoreDataClass.swift in Sources */ = {isa = PBXBuildFile; fileRef = 3DE0EE3E229D211D009AD5D8 /* Flight+CoreDataClass.swift */; };
		3DE0EE53229D211E009AD5D8 /* Flight+CoreDataProperties.swift in Sources */ = {isa = PBXBuildFile; fileRef = 3DE0EE3F229D211D009AD5D8 /* Flight+CoreDataProperties.swift */; };
		3DE0EE54229D211E009AD5D8 /* Crew+CoreDataClass.swift in Sources */ = {isa = PBXBuildFile; fileRef = 3DE0EE40229D211E009AD5D8 /* Crew+CoreDataClass.swift */; };
		3DE0EE55229D211E009AD5D8 /* Crew+CoreDataProperties.swift in Sources */ = {isa = PBXBuildFile; fileRef = 3DE0EE41229D211E009AD5D8 /* Crew+CoreDataProperties.swift */; };
		3DE0EE56229D211E009AD5D8 /* Duty+CoreDataClass.swift in Sources */ = {isa = PBXBuildFile; fileRef = 3DE0EE42229D211E009AD5D8 /* Duty+CoreDataClass.swift */; };
		3DE0EE57229D211E009AD5D8 /* Duty+CoreDataProperties.swift in Sources */ = {isa = PBXBuildFile; fileRef = 3DE0EE43229D211E009AD5D8 /* Duty+CoreDataProperties.swift */; };
		3DE0EE60229D2385009AD5D8 /* flight_1.json in Resources */ = {isa = PBXBuildFile; fileRef = 3DE0EE59229D2385009AD5D8 /* flight_1.json */; };
		3DE0EE61229D2385009AD5D8 /* crew_1.json in Resources */ = {isa = PBXBuildFile; fileRef = 3DE0EE5A229D2385009AD5D8 /* crew_1.json */; };
		3DE0EE62229D2385009AD5D8 /* check-in_1.json in Resources */ = {isa = PBXBuildFile; fileRef = 3DE0EE5B229D2385009AD5D8 /* check-in_1.json */; };
		3DE0EE65229D2385009AD5D8 /* duty_1.json in Resources */ = {isa = PBXBuildFile; fileRef = 3DE0EE5E229D2385009AD5D8 /* duty_1.json */; };
		3DE0EE69229D26AE009AD5D8 /* JsonReader.swift in Sources */ = {isa = PBXBuildFile; fileRef = 3DE0EE68229D26AE009AD5D8 /* JsonReader.swift */; };
		3DE0EE74229FA621009AD5D8 /* UIColor+Lufa.swift in Sources */ = {isa = PBXBuildFile; fileRef = 3DE0EE73229FA621009AD5D8 /* UIColor+Lufa.swift */; };
		3DEA56F62251F4FA003A34D4 /* AuthorizationViewController.swift in Sources */ = {isa = PBXBuildFile; fileRef = 3DEA56F52251F4FA003A34D4 /* AuthorizationViewController.swift */; };
		3DEA56F82251F523003A34D4 /* Authorization.storyboard in Resources */ = {isa = PBXBuildFile; fileRef = 3DEA56F72251F523003A34D4 /* Authorization.storyboard */; };
		3DEA57012251FBFC003A34D4 /* WindowController.swift in Sources */ = {isa = PBXBuildFile; fileRef = 3DEA57002251FBFC003A34D4 /* WindowController.swift */; };
		E88845594E8369D5B2E47661 /* Pods_Lufa.framework in Frameworks */ = {isa = PBXBuildFile; fileRef = 952E261AA916F8BE830B87A7 /* Pods_Lufa.framework */; };
/* End PBXBuildFile section */

/* Begin PBXFileReference section */
		3D34DC85225351BE00590FD2 /* Button+Lufa.swift */ = {isa = PBXFileReference; lastKnownFileType = sourcecode.swift; path = "Button+Lufa.swift"; sourceTree = "<group>"; };
		3D34DC872253536700590FD2 /* ProgressPresenter.swift */ = {isa = PBXFileReference; lastKnownFileType = sourcecode.swift; name = ProgressPresenter.swift; path = Source/UI/UIKit/Button/ProgressPresenter.swift; sourceTree = SOURCE_ROOT; };
		3DA47B7322A4EF470095FA85 /* RemoteRepositoryContext+Duty.swift */ = {isa = PBXFileReference; lastKnownFileType = sourcecode.swift; path = "RemoteRepositoryContext+Duty.swift"; sourceTree = "<group>"; };
		3DA47B7522A501370095FA85 /* DateFormatter+Lufa.swift */ = {isa = PBXFileReference; lastKnownFileType = sourcecode.swift; path = "DateFormatter+Lufa.swift"; sourceTree = "<group>"; };
		3DA47B7922A524310095FA85 /* NSManagedObject+Lufa.swift */ = {isa = PBXFileReference; lastKnownFileType = sourcecode.swift; path = "NSManagedObject+Lufa.swift"; sourceTree = "<group>"; };
		3DA47B7B22A78E380095FA85 /* RemoteRepositoryContext+CheckIn.swift */ = {isa = PBXFileReference; lastKnownFileType = sourcecode.swift; path = "RemoteRepositoryContext+CheckIn.swift"; sourceTree = "<group>"; };
		3DA47B8022A7BD530095FA85 /* LocalRepositoryContext+CheckIn.swift */ = {isa = PBXFileReference; lastKnownFileType = sourcecode.swift; path = "LocalRepositoryContext+CheckIn.swift"; sourceTree = "<group>"; };
		3DA47B8222A7C4520095FA85 /* RemoteRepositoryContext+Flight.swift */ = {isa = PBXFileReference; lastKnownFileType = sourcecode.swift; path = "RemoteRepositoryContext+Flight.swift"; sourceTree = "<group>"; };
		3DA47B8422AA534A0095FA85 /* LocalRepositoryContext+Crew.swift */ = {isa = PBXFileReference; lastKnownFileType = sourcecode.swift; path = "LocalRepositoryContext+Crew.swift"; sourceTree = "<group>"; };
		3DA6E9842255F71900015999 /* LanguageViewController.swift */ = {isa = PBXFileReference; lastKnownFileType = sourcecode.swift; path = LanguageViewController.swift; sourceTree = "<group>"; };
		3DA6E9862255F74100015999 /* Language.storyboard */ = {isa = PBXFileReference; lastKnownFileType = file.storyboard; path = Language.storyboard; sourceTree = "<group>"; };
		3DA6E98D22560AF600015999 /* en */ = {isa = PBXFileReference; lastKnownFileType = text.plist.strings; name = en; path = en.lproj/Localizable.strings; sourceTree = "<group>"; };
		3DA6E98F22560B1600015999 /* pl */ = {isa = PBXFileReference; lastKnownFileType = text.plist.strings; name = pl; path = pl.lproj/Localizable.strings; sourceTree = "<group>"; };
		3DA6E99222560B7C00015999 /* String+Lufa.swift */ = {isa = PBXFileReference; lastKnownFileType = sourcecode.swift; path = "String+Lufa.swift"; sourceTree = "<group>"; };
		3DA6E995225610B100015999 /* LanguageManager.swift */ = {isa = PBXFileReference; lastKnownFileType = sourcecode.swift; path = LanguageManager.swift; sourceTree = "<group>"; };
		3DABA3E5223B90DE00469FD1 /* Lufa.app */ = {isa = PBXFileReference; explicitFileType = wrapper.application; includeInIndex = 0; path = Lufa.app; sourceTree = BUILT_PRODUCTS_DIR; };
		3DABA3E8223B90DE00469FD1 /* AppDelegate.swift */ = {isa = PBXFileReference; lastKnownFileType = sourcecode.swift; path = AppDelegate.swift; sourceTree = "<group>"; };
		3DABA3EA223B90DE00469FD1 /* LaunchViewController.swift */ = {isa = PBXFileReference; lastKnownFileType = sourcecode.swift; path = LaunchViewController.swift; sourceTree = "<group>"; };
		3DABA3ED223B90DE00469FD1 /* Base */ = {isa = PBXFileReference; lastKnownFileType = file.storyboard; name = Base; path = Base.lproj/Home.storyboard; sourceTree = "<group>"; };
		3DABA3F0223B90DE00469FD1 /* Lufa.xcdatamodel */ = {isa = PBXFileReference; lastKnownFileType = wrapper.xcdatamodel; path = Lufa.xcdatamodel; sourceTree = "<group>"; };
		3DABA3F2223B90E100469FD1 /* Assets.xcassets */ = {isa = PBXFileReference; lastKnownFileType = folder.assetcatalog; path = Assets.xcassets; sourceTree = "<group>"; };
		3DABA3F5223B90E100469FD1 /* Base */ = {isa = PBXFileReference; lastKnownFileType = file.storyboard; name = Base; path = Base.lproj/Launch.storyboard; sourceTree = "<group>"; };
		3DABA3F7223B90E100469FD1 /* Info.plist */ = {isa = PBXFileReference; lastKnownFileType = text.plist.xml; path = Info.plist; sourceTree = "<group>"; };
		3DAD82A222B28CF200131683 /* HomeFlightCollectionViewCell.swift */ = {isa = PBXFileReference; lastKnownFileType = sourcecode.swift; path = HomeFlightCollectionViewCell.swift; sourceTree = "<group>"; };
		3DAD82A522B28D2700131683 /* HomeFlightCollectionViewCell.xib */ = {isa = PBXFileReference; lastKnownFileType = file.xib; path = HomeFlightCollectionViewCell.xib; sourceTree = "<group>"; };
		3DAD82A722B28DC300131683 /* HomeFlightsTableViewCell.swift */ = {isa = PBXFileReference; lastKnownFileType = sourcecode.swift; path = HomeFlightsTableViewCell.swift; sourceTree = "<group>"; };
		3DAD82A922B28DCD00131683 /* HomeFlightsTableViewCell.xib */ = {isa = PBXFileReference; lastKnownFileType = file.xib; path = HomeFlightsTableViewCell.xib; sourceTree = "<group>"; };
		3DCB50C522AE58CB00C0AFF0 /* RemoteRepositoryContext+Country.swift */ = {isa = PBXFileReference; lastKnownFileType = sourcecode.swift; path = "RemoteRepositoryContext+Country.swift"; sourceTree = "<group>"; };
		3DCB50CB22AE652D00C0AFF0 /* Country+CoreDataClass.swift */ = {isa = PBXFileReference; lastKnownFileType = sourcecode.swift; path = "Country+CoreDataClass.swift"; sourceTree = "<group>"; };
		3DCB50CC22AE652D00C0AFF0 /* Country+CoreDataProperties.swift */ = {isa = PBXFileReference; lastKnownFileType = sourcecode.swift; path = "Country+CoreDataProperties.swift"; sourceTree = "<group>"; };
		3DCB50CF22AE750D00C0AFF0 /* RemoteRepositoryContext+City.swift */ = {isa = PBXFileReference; lastKnownFileType = sourcecode.swift; path = "RemoteRepositoryContext+City.swift"; sourceTree = "<group>"; };
		3DCB50D122AE778100C0AFF0 /* City+CoreDataClass.swift */ = {isa = PBXFileReference; lastKnownFileType = sourcecode.swift; path = "City+CoreDataClass.swift"; sourceTree = "<group>"; };
		3DCB50D222AE778100C0AFF0 /* City+CoreDataProperties.swift */ = {isa = PBXFileReference; lastKnownFileType = sourcecode.swift; path = "City+CoreDataProperties.swift"; sourceTree = "<group>"; };
		3DCB50D522AF7E2B00C0AFF0 /* Employee+CoreDataClass.swift */ = {isa = PBXFileReference; lastKnownFileType = sourcecode.swift; path = "Employee+CoreDataClass.swift"; sourceTree = "<group>"; };
		3DCB50D622AF7E2B00C0AFF0 /* Employee+CoreDataProperties.swift */ = {isa = PBXFileReference; lastKnownFileType = sourcecode.swift; path = "Employee+CoreDataProperties.swift"; sourceTree = "<group>"; };
		3DCB50D922AF814700C0AFF0 /* LocalRepositoryContext+Employee.swift */ = {isa = PBXFileReference; lastKnownFileType = sourcecode.swift; path = "LocalRepositoryContext+Employee.swift"; sourceTree = "<group>"; };
		3DCB50DF22AF84E800C0AFF0 /* MenuFactory.swift */ = {isa = PBXFileReference; lastKnownFileType = sourcecode.swift; path = MenuFactory.swift; sourceTree = "<group>"; };
		3DCB50E322AF88CC00C0AFF0 /* MenuBaseItem.swift */ = {isa = PBXFileReference; lastKnownFileType = sourcecode.swift; path = MenuBaseItem.swift; sourceTree = "<group>"; };
		3DCB50E522AF88EF00C0AFF0 /* MenuHomeItem.swift */ = {isa = PBXFileReference; lastKnownFileType = sourcecode.swift; path = MenuHomeItem.swift; sourceTree = "<group>"; };
		3DCB50E722AF891800C0AFF0 /* MenuProfileItem.swift */ = {isa = PBXFileReference; lastKnownFileType = sourcecode.swift; path = MenuProfileItem.swift; sourceTree = "<group>"; };
		3DCB50E922AF899300C0AFF0 /* MenuTapBarController.swift */ = {isa = PBXFileReference; lastKnownFileType = sourcecode.swift; path = MenuTapBarController.swift; sourceTree = "<group>"; };
		3DCB50EB22AF89E600C0AFF0 /* Menu.storyboard */ = {isa = PBXFileReference; lastKnownFileType = file.storyboard; path = Menu.storyboard; sourceTree = "<group>"; };
		3DD4A3AB2244DB84002B6A77 /* config.plist */ = {isa = PBXFileReference; lastKnownFileType = text.plist.xml; path = config.plist; sourceTree = "<group>"; };
		3DD4A3AE2244E2AB002B6A77 /* ConfigurationManager.swift */ = {isa = PBXFileReference; lastKnownFileType = sourcecode.swift; path = ConfigurationManager.swift; sourceTree = "<group>"; };
		3DD4A3B122452539002B6A77 /* BaseViewController.swift */ = {isa = PBXFileReference; lastKnownFileType = sourcecode.swift; path = BaseViewController.swift; sourceTree = "<group>"; };
		3DD5696B22AF91EE00E43B38 /* ProfileViewController.swift */ = {isa = PBXFileReference; lastKnownFileType = sourcecode.swift; path = ProfileViewController.swift; sourceTree = "<group>"; };
		3DD5696D22AF920700E43B38 /* Profile.storyboard */ = {isa = PBXFileReference; lastKnownFileType = file.storyboard; path = Profile.storyboard; sourceTree = "<group>"; };
		3DD5697322AF9FB700E43B38 /* FlightListViewController.swift */ = {isa = PBXFileReference; lastKnownFileType = sourcecode.swift; path = FlightListViewController.swift; sourceTree = "<group>"; };
		3DD5697522AF9FF300E43B38 /* Flight.storyboard */ = {isa = PBXFileReference; lastKnownFileType = file.storyboard; path = Flight.storyboard; sourceTree = "<group>"; };
		3DD5697822AFA10D00E43B38 /* FlightTableViewCell.swift */ = {isa = PBXFileReference; lastKnownFileType = sourcecode.swift; path = FlightTableViewCell.swift; sourceTree = "<group>"; };
		3DD5697922AFA10D00E43B38 /* FlightTableViewCell.xib */ = {isa = PBXFileReference; lastKnownFileType = file.xib; path = FlightTableViewCell.xib; sourceTree = "<group>"; };
		3DD5697C22AFADBB00E43B38 /* LocalRepositoryContext+Flight.swift */ = {isa = PBXFileReference; lastKnownFileType = sourcecode.swift; path = "LocalRepositoryContext+Flight.swift"; sourceTree = "<group>"; };
		3DD5697E22B0CF5000E43B38 /* FlightDetailsViewController.swift */ = {isa = PBXFileReference; lastKnownFileType = sourcecode.swift; path = FlightDetailsViewController.swift; sourceTree = "<group>"; };
		3DD5698022B0CF8400E43B38 /* FlightDetails.storyboard */ = {isa = PBXFileReference; lastKnownFileType = file.storyboard; path = FlightDetails.storyboard; sourceTree = "<group>"; };
		3DD5698522B2553B00E43B38 /* HomeHeaderTableViewCell.swift */ = {isa = PBXFileReference; lastKnownFileType = sourcecode.swift; path = HomeHeaderTableViewCell.swift; sourceTree = "<group>"; };
		3DD5698722B2555400E43B38 /* HomeHeaderTableViewCell.xib */ = {isa = PBXFileReference; lastKnownFileType = file.xib; path = HomeHeaderTableViewCell.xib; sourceTree = "<group>"; };
		3DDDDB36224B8DE3006BFCD1 /* RemoteRepositoryContext+Crew.swift */ = {isa = PBXFileReference; lastKnownFileType = sourcecode.swift; path = "RemoteRepositoryContext+Crew.swift"; sourceTree = "<group>"; };
		3DDDDB38224B8F54006BFCD1 /* RemoteRepositoryContext.swift */ = {isa = PBXFileReference; lastKnownFileType = sourcecode.swift; path = RemoteRepositoryContext.swift; sourceTree = "<group>"; };
		3DDDDB3A224E240E006BFCD1 /* HomeViewController.swift */ = {isa = PBXFileReference; lastKnownFileType = sourcecode.swift; path = HomeViewController.swift; sourceTree = "<group>"; };
		3DDDDB3C224E3E68006BFCD1 /* RemoteRepositoryContext+Authenticate.swift */ = {isa = PBXFileReference; lastKnownFileType = sourcecode.swift; path = "RemoteRepositoryContext+Authenticate.swift"; sourceTree = "<group>"; };
		3DE0EE25229D1AD9009AD5D8 /* LocalRepositoryContext.swift */ = {isa = PBXFileReference; lastKnownFileType = sourcecode.swift; path = LocalRepositoryContext.swift; sourceTree = "<group>"; };
		3DE0EE30229D211D009AD5D8 /* DutyEvent+CoreDataClass.swift */ = {isa = PBXFileReference; lastKnownFileType = sourcecode.swift; path = "DutyEvent+CoreDataClass.swift"; sourceTree = "<group>"; };
		3DE0EE31229D211D009AD5D8 /* DutyEvent+CoreDataProperties.swift */ = {isa = PBXFileReference; lastKnownFileType = sourcecode.swift; path = "DutyEvent+CoreDataProperties.swift"; sourceTree = "<group>"; };
		3DE0EE32229D211D009AD5D8 /* DutyEventAttributes+CoreDataClass.swift */ = {isa = PBXFileReference; lastKnownFileType = sourcecode.swift; path = "DutyEventAttributes+CoreDataClass.swift"; sourceTree = "<group>"; };
		3DE0EE33229D211D009AD5D8 /* DutyEventAttributes+CoreDataProperties.swift */ = {isa = PBXFileReference; lastKnownFileType = sourcecode.swift; path = "DutyEventAttributes+CoreDataProperties.swift"; sourceTree = "<group>"; };
		3DE0EE34229D211D009AD5D8 /* DutyEventLink+CoreDataClass.swift */ = {isa = PBXFileReference; lastKnownFileType = sourcecode.swift; path = "DutyEventLink+CoreDataClass.swift"; sourceTree = "<group>"; };
		3DE0EE35229D211D009AD5D8 /* DutyEventLink+CoreDataProperties.swift */ = {isa = PBXFileReference; lastKnownFileType = sourcecode.swift; path = "DutyEventLink+CoreDataProperties.swift"; sourceTree = "<group>"; };
		3DE0EE36229D211D009AD5D8 /* CrewFlight+CoreDataClass.swift */ = {isa = PBXFileReference; lastKnownFileType = sourcecode.swift; path = "CrewFlight+CoreDataClass.swift"; sourceTree = "<group>"; };
		3DE0EE37229D211D009AD5D8 /* CrewFlight+CoreDataProperties.swift */ = {isa = PBXFileReference; lastKnownFileType = sourcecode.swift; path = "CrewFlight+CoreDataProperties.swift"; sourceTree = "<group>"; };
		3DE0EE38229D211D009AD5D8 /* CheckIn+CoreDataClass.swift */ = {isa = PBXFileReference; lastKnownFileType = sourcecode.swift; path = "CheckIn+CoreDataClass.swift"; sourceTree = "<group>"; };
		3DE0EE39229D211D009AD5D8 /* CheckIn+CoreDataProperties.swift */ = {isa = PBXFileReference; lastKnownFileType = sourcecode.swift; path = "CheckIn+CoreDataProperties.swift"; sourceTree = "<group>"; };
		3DE0EE3A229D211D009AD5D8 /* CrewMember+CoreDataClass.swift */ = {isa = PBXFileReference; lastKnownFileType = sourcecode.swift; path = "CrewMember+CoreDataClass.swift"; sourceTree = "<group>"; };
		3DE0EE3B229D211D009AD5D8 /* CrewMember+CoreDataProperties.swift */ = {isa = PBXFileReference; lastKnownFileType = sourcecode.swift; path = "CrewMember+CoreDataProperties.swift"; sourceTree = "<group>"; };
		3DE0EE3C229D211D009AD5D8 /* DutyDay+CoreDataClass.swift */ = {isa = PBXFileReference; lastKnownFileType = sourcecode.swift; path = "DutyDay+CoreDataClass.swift"; sourceTree = "<group>"; };
		3DE0EE3D229D211D009AD5D8 /* DutyDay+CoreDataProperties.swift */ = {isa = PBXFileReference; lastKnownFileType = sourcecode.swift; path = "DutyDay+CoreDataProperties.swift"; sourceTree = "<group>"; };
		3DE0EE3E229D211D009AD5D8 /* Flight+CoreDataClass.swift */ = {isa = PBXFileReference; lastKnownFileType = sourcecode.swift; path = "Flight+CoreDataClass.swift"; sourceTree = "<group>"; };
		3DE0EE3F229D211D009AD5D8 /* Flight+CoreDataProperties.swift */ = {isa = PBXFileReference; lastKnownFileType = sourcecode.swift; path = "Flight+CoreDataProperties.swift"; sourceTree = "<group>"; };
		3DE0EE40229D211E009AD5D8 /* Crew+CoreDataClass.swift */ = {isa = PBXFileReference; lastKnownFileType = sourcecode.swift; path = "Crew+CoreDataClass.swift"; sourceTree = "<group>"; };
		3DE0EE41229D211E009AD5D8 /* Crew+CoreDataProperties.swift */ = {isa = PBXFileReference; lastKnownFileType = sourcecode.swift; path = "Crew+CoreDataProperties.swift"; sourceTree = "<group>"; };
		3DE0EE42229D211E009AD5D8 /* Duty+CoreDataClass.swift */ = {isa = PBXFileReference; lastKnownFileType = sourcecode.swift; path = "Duty+CoreDataClass.swift"; sourceTree = "<group>"; };
		3DE0EE43229D211E009AD5D8 /* Duty+CoreDataProperties.swift */ = {isa = PBXFileReference; lastKnownFileType = sourcecode.swift; path = "Duty+CoreDataProperties.swift"; sourceTree = "<group>"; };
		3DE0EE59229D2385009AD5D8 /* flight_1.json */ = {isa = PBXFileReference; fileEncoding = 4; lastKnownFileType = text.json; name = flight_1.json; path = ../../../Downloads/flight_1.json; sourceTree = "<group>"; };
		3DE0EE5A229D2385009AD5D8 /* crew_1.json */ = {isa = PBXFileReference; fileEncoding = 4; lastKnownFileType = text.json; name = crew_1.json; path = ../../../Downloads/crew_1.json; sourceTree = "<group>"; };
		3DE0EE5B229D2385009AD5D8 /* check-in_1.json */ = {isa = PBXFileReference; fileEncoding = 4; lastKnownFileType = text.json; name = "check-in_1.json"; path = "../../../Downloads/check-in_1.json"; sourceTree = "<group>"; };
		3DE0EE5E229D2385009AD5D8 /* duty_1.json */ = {isa = PBXFileReference; fileEncoding = 4; lastKnownFileType = text.json; name = duty_1.json; path = ../../../Downloads/duty_1.json; sourceTree = "<group>"; };
		3DE0EE68229D26AE009AD5D8 /* JsonReader.swift */ = {isa = PBXFileReference; lastKnownFileType = sourcecode.swift; path = JsonReader.swift; sourceTree = "<group>"; };
		3DE0EE73229FA621009AD5D8 /* UIColor+Lufa.swift */ = {isa = PBXFileReference; lastKnownFileType = sourcecode.swift; path = "UIColor+Lufa.swift"; sourceTree = "<group>"; };
		3DEA56F52251F4FA003A34D4 /* AuthorizationViewController.swift */ = {isa = PBXFileReference; lastKnownFileType = sourcecode.swift; path = AuthorizationViewController.swift; sourceTree = "<group>"; };
		3DEA56F72251F523003A34D4 /* Authorization.storyboard */ = {isa = PBXFileReference; lastKnownFileType = file.storyboard; path = Authorization.storyboard; sourceTree = "<group>"; };
		3DEA57002251FBFC003A34D4 /* WindowController.swift */ = {isa = PBXFileReference; lastKnownFileType = sourcecode.swift; path = WindowController.swift; sourceTree = "<group>"; };
		731208F7E4CD314223BB4C4E /* Pods-Lufa.release.xcconfig */ = {isa = PBXFileReference; includeInIndex = 1; lastKnownFileType = text.xcconfig; name = "Pods-Lufa.release.xcconfig"; path = "Target Support Files/Pods-Lufa/Pods-Lufa.release.xcconfig"; sourceTree = "<group>"; };
		952E261AA916F8BE830B87A7 /* Pods_Lufa.framework */ = {isa = PBXFileReference; explicitFileType = wrapper.framework; includeInIndex = 0; path = Pods_Lufa.framework; sourceTree = BUILT_PRODUCTS_DIR; };
		B414BBDB5F15B288D515813B /* Pods-Lufa.debug.xcconfig */ = {isa = PBXFileReference; includeInIndex = 1; lastKnownFileType = text.xcconfig; name = "Pods-Lufa.debug.xcconfig"; path = "Target Support Files/Pods-Lufa/Pods-Lufa.debug.xcconfig"; sourceTree = "<group>"; };
/* End PBXFileReference section */

/* Begin PBXFrameworksBuildPhase section */
		3DABA3E2223B90DE00469FD1 /* Frameworks */ = {
			isa = PBXFrameworksBuildPhase;
			buildActionMask = 2147483647;
			files = (
				E88845594E8369D5B2E47661 /* Pods_Lufa.framework in Frameworks */,
			);
			runOnlyForDeploymentPostprocessing = 0;
		};
/* End PBXFrameworksBuildPhase section */

/* Begin PBXGroup section */
		3D34DC83225351A800590FD2 /* UIKit */ = {
			isa = PBXGroup;
			children = (
				3D34DC85225351BE00590FD2 /* Button+Lufa.swift */,
				3DE0EE73229FA621009AD5D8 /* UIColor+Lufa.swift */,
			);
			path = UIKit;
			sourceTree = "<group>";
		};
		3DA47B7822A5241C0095FA85 /* CoreData */ = {
			isa = PBXGroup;
			children = (
				3DA47B7922A524310095FA85 /* NSManagedObject+Lufa.swift */,
			);
			path = CoreData;
			sourceTree = "<group>";
		};
		3DA47B7D22A7BC640095FA85 /* DAO */ = {
			isa = PBXGroup;
			children = (
				3DA47B8022A7BD530095FA85 /* LocalRepositoryContext+CheckIn.swift */,
				3DA47B8422AA534A0095FA85 /* LocalRepositoryContext+Crew.swift */,
				3DCB50D922AF814700C0AFF0 /* LocalRepositoryContext+Employee.swift */,
				3DD5697C22AFADBB00E43B38 /* LocalRepositoryContext+Flight.swift */,
			);
			path = DAO;
			sourceTree = "<group>";
		};
		3DA6E9832255F6CE00015999 /* Language */ = {
			isa = PBXGroup;
			children = (
				3DA6E9842255F71900015999 /* LanguageViewController.swift */,
				3DA6E9862255F74100015999 /* Language.storyboard */,
			);
			path = Language;
			sourceTree = "<group>";
		};
		3DA6E99022560B6000015999 /* Utils */ = {
			isa = PBXGroup;
			children = (
				3DA47B7822A5241C0095FA85 /* CoreData */,
				3DE0EE67229D2674009AD5D8 /* Json */,
				3DA6E99122560B6B00015999 /* Foundation */,
			);
			path = Utils;
			sourceTree = "<group>";
		};
		3DA6E99122560B6B00015999 /* Foundation */ = {
			isa = PBXGroup;
			children = (
				3DA6E99222560B7C00015999 /* String+Lufa.swift */,
				3DA47B7522A501370095FA85 /* DateFormatter+Lufa.swift */,
			);
			path = Foundation;
			sourceTree = "<group>";
		};
		3DA6E9942256109E00015999 /* Tools */ = {
			isa = PBXGroup;
			children = (
				3DA6E995225610B100015999 /* LanguageManager.swift */,
			);
			path = Tools;
			sourceTree = "<group>";
		};
		3DABA3DC223B90DE00469FD1 = {
			isa = PBXGroup;
			children = (
				3DABA3FD223B930200469FD1 /* Configuration */,
				3DABA400223B939700469FD1 /* Source */,
				3DABA3FF223B933400469FD1 /* Resources */,
				3DABA3E6223B90DE00469FD1 /* Products */,
				725DEBA85438B392EB8FEDA9 /* Pods */,
				558B9B8444BA9FBCF7EE30B0 /* Frameworks */,
			);
			sourceTree = "<group>";
		};
		3DABA3E6223B90DE00469FD1 /* Products */ = {
			isa = PBXGroup;
			children = (
				3DABA3E5223B90DE00469FD1 /* Lufa.app */,
			);
			name = Products;
			sourceTree = "<group>";
		};
		3DABA3FD223B930200469FD1 /* Configuration */ = {
			isa = PBXGroup;
			children = (
				3DABA3FE223B930C00469FD1 /* Debug */,
				3DABA3F7223B90E100469FD1 /* Info.plist */,
			);
			path = Configuration;
			sourceTree = "<group>";
		};
		3DABA3FE223B930C00469FD1 /* Debug */ = {
			isa = PBXGroup;
			children = (
				3DD4A3AB2244DB84002B6A77 /* config.plist */,
			);
			path = Debug;
			sourceTree = "<group>";
		};
		3DABA3FF223B933400469FD1 /* Resources */ = {
			isa = PBXGroup;
			children = (
				3DE0EE58229D22D5009AD5D8 /* JSON */,
				3DABA3F2223B90E100469FD1 /* Assets.xcassets */,
				3DA6E98E22560AF600015999 /* Localizable.strings */,
			);
			path = Resources;
			sourceTree = "<group>";
		};
		3DABA400223B939700469FD1 /* Source */ = {
			isa = PBXGroup;
			children = (
				3DD4A3AD2244E296002B6A77 /* Configuration */,
				3DABA402223B93BA00469FD1 /* Contexts */,
				3DABA405223B93E600469FD1 /* Functionalities */,
				3DA6E9942256109E00015999 /* Tools */,
				3DABA406223B940400469FD1 /* UI */,
				3DA6E99022560B6000015999 /* Utils */,
			);
			path = Source;
			sourceTree = "<group>";
		};
		3DABA401223B93AA00469FD1 /* LocalRepository */ = {
			isa = PBXGroup;
			children = (
				3DA47B7D22A7BC640095FA85 /* DAO */,
				3DE0EE27229D203D009AD5D8 /* Model */,
				3DE0EE25229D1AD9009AD5D8 /* LocalRepositoryContext.swift */,
			);
			path = LocalRepository;
			sourceTree = "<group>";
		};
		3DABA402223B93BA00469FD1 /* Contexts */ = {
			isa = PBXGroup;
			children = (
				3DABA408223B94B600469FD1 /* Application */,
				3DABA404223B93D300469FD1 /* Synchronization */,
				3DABA403223B93C300469FD1 /* RemoteRepository */,
				3DABA401223B93AA00469FD1 /* LocalRepository */,
			);
			path = Contexts;
			sourceTree = "<group>";
		};
		3DABA403223B93C300469FD1 /* RemoteRepository */ = {
			isa = PBXGroup;
			children = (
				3DDDDB38224B8F54006BFCD1 /* RemoteRepositoryContext.swift */,
				3DDDDB3C224E3E68006BFCD1 /* RemoteRepositoryContext+Authenticate.swift */,
				3DA47B7B22A78E380095FA85 /* RemoteRepositoryContext+CheckIn.swift */,
				3DCB50CF22AE750D00C0AFF0 /* RemoteRepositoryContext+City.swift */,
				3DCB50C522AE58CB00C0AFF0 /* RemoteRepositoryContext+Country.swift */,
				3DDDDB36224B8DE3006BFCD1 /* RemoteRepositoryContext+Crew.swift */,
				3DA47B7322A4EF470095FA85 /* RemoteRepositoryContext+Duty.swift */,
				3DA47B8222A7C4520095FA85 /* RemoteRepositoryContext+Flight.swift */,
			);
			path = RemoteRepository;
			sourceTree = "<group>";
		};
		3DABA404223B93D300469FD1 /* Synchronization */ = {
			isa = PBXGroup;
			children = (
			);
			path = Synchronization;
			sourceTree = "<group>";
		};
		3DABA405223B93E600469FD1 /* Functionalities */ = {
			isa = PBXGroup;
			children = (
				3DEA56F42251F4DC003A34D4 /* Authorization */,
				3DD5696F22AF9F6600E43B38 /* Flight */,
				3DABA409223B94DF00469FD1 /* Home */,
				3DA6E9832255F6CE00015999 /* Language */,
				3DABA407223B949600469FD1 /* Launch */,
				3DCB50DB22AF83E300C0AFF0 /* Menu */,
				3DD5696A22AF91D400E43B38 /* Profile */,
			);
			path = Functionalities;
			sourceTree = "<group>";
		};
		3DABA406223B940400469FD1 /* UI */ = {
			isa = PBXGroup;
			children = (
				3D34DC83225351A800590FD2 /* UIKit */,
				3DEA56FF2251FBE9003A34D4 /* WindowController */,
				3DD4A3B4224525CA002B6A77 /* ProgressPresenter */,
				3DD4A3B3224525B6002B6A77 /* NoDataPresenter */,
				3DD4A3B022452508002B6A77 /* BaseViewController */,
			);
			path = UI;
			sourceTree = "<group>";
		};
		3DABA407223B949600469FD1 /* Launch */ = {
			isa = PBXGroup;
			children = (
				3DABA3EA223B90DE00469FD1 /* LaunchViewController.swift */,
				3DABA3F4223B90E100469FD1 /* Launch.storyboard */,
			);
			path = Launch;
			sourceTree = "<group>";
		};
		3DABA408223B94B600469FD1 /* Application */ = {
			isa = PBXGroup;
			children = (
				3DABA3E8223B90DE00469FD1 /* AppDelegate.swift */,
			);
			path = Application;
			sourceTree = "<group>";
		};
		3DABA409223B94DF00469FD1 /* Home */ = {
			isa = PBXGroup;
			children = (
				3DD5698222B254FB00E43B38 /* Cells */,
				3DDDDB3A224E240E006BFCD1 /* HomeViewController.swift */,
				3DABA3EC223B90DE00469FD1 /* Home.storyboard */,
			);
			path = Home;
			sourceTree = "<group>";
		};
		3DCB50DB22AF83E300C0AFF0 /* Menu */ = {
			isa = PBXGroup;
			children = (
				3DCB50DD22AF848100C0AFF0 /* Factory */,
				3DCB50DC22AF846100C0AFF0 /* Items */,
				3DCB50DE22AF849700C0AFF0 /* TapBar */,
			);
			path = Menu;
			sourceTree = "<group>";
		};
		3DCB50DC22AF846100C0AFF0 /* Items */ = {
			isa = PBXGroup;
			children = (
				3DCB50E122AF86EA00C0AFF0 /* Base */,
				3DCB50E522AF88EF00C0AFF0 /* MenuHomeItem.swift */,
				3DCB50E722AF891800C0AFF0 /* MenuProfileItem.swift */,
			);
			path = Items;
			sourceTree = "<group>";
		};
		3DCB50DD22AF848100C0AFF0 /* Factory */ = {
			isa = PBXGroup;
			children = (
				3DCB50DF22AF84E800C0AFF0 /* MenuFactory.swift */,
			);
			path = Factory;
			sourceTree = "<group>";
		};
		3DCB50DE22AF849700C0AFF0 /* TapBar */ = {
			isa = PBXGroup;
			children = (
				3DCB50E922AF899300C0AFF0 /* MenuTapBarController.swift */,
				3DCB50EB22AF89E600C0AFF0 /* Menu.storyboard */,
			);
			path = TapBar;
			sourceTree = "<group>";
		};
		3DCB50E122AF86EA00C0AFF0 /* Base */ = {
			isa = PBXGroup;
			children = (
				3DCB50E322AF88CC00C0AFF0 /* MenuBaseItem.swift */,
			);
			path = Base;
			sourceTree = "<group>";
		};
		3DD4A3AD2244E296002B6A77 /* Configuration */ = {
			isa = PBXGroup;
			children = (
				3DD4A3AE2244E2AB002B6A77 /* ConfigurationManager.swift */,
			);
			path = Configuration;
			sourceTree = "<group>";
		};
		3DD4A3B022452508002B6A77 /* BaseViewController */ = {
			isa = PBXGroup;
			children = (
				3DD4A3B122452539002B6A77 /* BaseViewController.swift */,
			);
			path = BaseViewController;
			sourceTree = "<group>";
		};
		3DD4A3B3224525B6002B6A77 /* NoDataPresenter */ = {
			isa = PBXGroup;
			children = (
			);
			path = NoDataPresenter;
			sourceTree = "<group>";
		};
		3DD4A3B4224525CA002B6A77 /* ProgressPresenter */ = {
			isa = PBXGroup;
			children = (
				3D34DC872253536700590FD2 /* ProgressPresenter.swift */,
			);
			path = ProgressPresenter;
			sourceTree = "<group>";
		};
		3DD5696A22AF91D400E43B38 /* Profile */ = {
			isa = PBXGroup;
			children = (
				3DD5696B22AF91EE00E43B38 /* ProfileViewController.swift */,
				3DD5696D22AF920700E43B38 /* Profile.storyboard */,
			);
			path = Profile;
			sourceTree = "<group>";
		};
		3DD5696F22AF9F6600E43B38 /* Flight */ = {
			isa = PBXGroup;
			children = (
				3DD5697122AF9F9100E43B38 /* Details */,
				3DD5697222AF9F9A00E43B38 /* Filters */,
				3DD5697022AF9F8B00E43B38 /* List */,
			);
			path = Flight;
			sourceTree = "<group>";
		};
		3DD5697022AF9F8B00E43B38 /* List */ = {
			isa = PBXGroup;
			children = (
				3DD5697722AFA0F100E43B38 /* Cell */,
				3DD5697322AF9FB700E43B38 /* FlightListViewController.swift */,
				3DD5697522AF9FF300E43B38 /* Flight.storyboard */,
			);
			path = List;
			sourceTree = "<group>";
		};
		3DD5697122AF9F9100E43B38 /* Details */ = {
			isa = PBXGroup;
			children = (
				3DD5697E22B0CF5000E43B38 /* FlightDetailsViewController.swift */,
				3DD5698022B0CF8400E43B38 /* FlightDetails.storyboard */,
			);
			path = Details;
			sourceTree = "<group>";
		};
		3DD5697222AF9F9A00E43B38 /* Filters */ = {
			isa = PBXGroup;
			children = (
			);
			path = Filters;
			sourceTree = "<group>";
		};
		3DD5697722AFA0F100E43B38 /* Cell */ = {
			isa = PBXGroup;
			children = (
				3DD5697822AFA10D00E43B38 /* FlightTableViewCell.swift */,
				3DD5697922AFA10D00E43B38 /* FlightTableViewCell.xib */,
			);
			path = Cell;
			sourceTree = "<group>";
		};
		3DD5698222B254FB00E43B38 /* Cells */ = {
			isa = PBXGroup;
			children = (
				3DD5698422B2551E00E43B38 /* CollectionView */,
				3DD5698322B2550200E43B38 /* TableView */,
			);
			path = Cells;
			sourceTree = "<group>";
		};
		3DD5698322B2550200E43B38 /* TableView */ = {
			isa = PBXGroup;
			children = (
				3DD5698522B2553B00E43B38 /* HomeHeaderTableViewCell.swift */,
				3DD5698722B2555400E43B38 /* HomeHeaderTableViewCell.xib */,
				3DAD82A722B28DC300131683 /* HomeFlightsTableViewCell.swift */,
				3DAD82A922B28DCD00131683 /* HomeFlightsTableViewCell.xib */,
			);
			path = TableView;
			sourceTree = "<group>";
		};
		3DD5698422B2551E00E43B38 /* CollectionView */ = {
			isa = PBXGroup;
			children = (
				3DAD82A222B28CF200131683 /* HomeFlightCollectionViewCell.swift */,
				3DAD82A522B28D2700131683 /* HomeFlightCollectionViewCell.xib */,
			);
			path = CollectionView;
			sourceTree = "<group>";
		};
		3DE0EE27229D203D009AD5D8 /* Model */ = {
			isa = PBXGroup;
			children = (
				3DE0EE38229D211D009AD5D8 /* CheckIn+CoreDataClass.swift */,
				3DE0EE39229D211D009AD5D8 /* CheckIn+CoreDataProperties.swift */,
				3DCB50D122AE778100C0AFF0 /* City+CoreDataClass.swift */,
				3DCB50D222AE778100C0AFF0 /* City+CoreDataProperties.swift */,
				3DCB50CB22AE652D00C0AFF0 /* Country+CoreDataClass.swift */,
				3DCB50CC22AE652D00C0AFF0 /* Country+CoreDataProperties.swift */,
				3DE0EE40229D211E009AD5D8 /* Crew+CoreDataClass.swift */,
				3DE0EE41229D211E009AD5D8 /* Crew+CoreDataProperties.swift */,
				3DE0EE36229D211D009AD5D8 /* CrewFlight+CoreDataClass.swift */,
				3DE0EE37229D211D009AD5D8 /* CrewFlight+CoreDataProperties.swift */,
				3DE0EE3A229D211D009AD5D8 /* CrewMember+CoreDataClass.swift */,
				3DE0EE3B229D211D009AD5D8 /* CrewMember+CoreDataProperties.swift */,
				3DE0EE42229D211E009AD5D8 /* Duty+CoreDataClass.swift */,
				3DE0EE43229D211E009AD5D8 /* Duty+CoreDataProperties.swift */,
				3DE0EE3C229D211D009AD5D8 /* DutyDay+CoreDataClass.swift */,
				3DE0EE3D229D211D009AD5D8 /* DutyDay+CoreDataProperties.swift */,
				3DE0EE30229D211D009AD5D8 /* DutyEvent+CoreDataClass.swift */,
				3DE0EE31229D211D009AD5D8 /* DutyEvent+CoreDataProperties.swift */,
				3DE0EE32229D211D009AD5D8 /* DutyEventAttributes+CoreDataClass.swift */,
				3DE0EE33229D211D009AD5D8 /* DutyEventAttributes+CoreDataProperties.swift */,
				3DE0EE34229D211D009AD5D8 /* DutyEventLink+CoreDataClass.swift */,
				3DE0EE35229D211D009AD5D8 /* DutyEventLink+CoreDataProperties.swift */,
				3DCB50D522AF7E2B00C0AFF0 /* Employee+CoreDataClass.swift */,
				3DCB50D622AF7E2B00C0AFF0 /* Employee+CoreDataProperties.swift */,
				3DE0EE3E229D211D009AD5D8 /* Flight+CoreDataClass.swift */,
				3DE0EE3F229D211D009AD5D8 /* Flight+CoreDataProperties.swift */,
				3DABA3EF223B90DE00469FD1 /* Lufa.xcdatamodeld */,
			);
			path = Model;
			sourceTree = "<group>";
		};
		3DE0EE58229D22D5009AD5D8 /* JSON */ = {
			isa = PBXGroup;
			children = (
				3DE0EE5B229D2385009AD5D8 /* check-in_1.json */,
				3DE0EE5A229D2385009AD5D8 /* crew_1.json */,
				3DE0EE5E229D2385009AD5D8 /* duty_1.json */,
				3DE0EE59229D2385009AD5D8 /* flight_1.json */,
			);
			path = JSON;
			sourceTree = "<group>";
		};
		3DE0EE67229D2674009AD5D8 /* Json */ = {
			isa = PBXGroup;
			children = (
				3DE0EE68229D26AE009AD5D8 /* JsonReader.swift */,
			);
			path = Json;
			sourceTree = "<group>";
		};
		3DEA56F42251F4DC003A34D4 /* Authorization */ = {
			isa = PBXGroup;
			children = (
				3DEA56F52251F4FA003A34D4 /* AuthorizationViewController.swift */,
				3DEA56F72251F523003A34D4 /* Authorization.storyboard */,
			);
			path = Authorization;
			sourceTree = "<group>";
		};
		3DEA56FF2251FBE9003A34D4 /* WindowController */ = {
			isa = PBXGroup;
			children = (
				3DEA57002251FBFC003A34D4 /* WindowController.swift */,
			);
			path = WindowController;
			sourceTree = "<group>";
		};
		558B9B8444BA9FBCF7EE30B0 /* Frameworks */ = {
			isa = PBXGroup;
			children = (
				952E261AA916F8BE830B87A7 /* Pods_Lufa.framework */,
			);
			name = Frameworks;
			sourceTree = "<group>";
		};
		725DEBA85438B392EB8FEDA9 /* Pods */ = {
			isa = PBXGroup;
			children = (
				B414BBDB5F15B288D515813B /* Pods-Lufa.debug.xcconfig */,
				731208F7E4CD314223BB4C4E /* Pods-Lufa.release.xcconfig */,
			);
			path = Pods;
			sourceTree = "<group>";
		};
/* End PBXGroup section */

/* Begin PBXNativeTarget section */
		3DABA3E4223B90DE00469FD1 /* Lufa */ = {
			isa = PBXNativeTarget;
			buildConfigurationList = 3DABA3FA223B90E100469FD1 /* Build configuration list for PBXNativeTarget "Lufa" */;
			buildPhases = (
				9AAA07765E7DD5742DDA9207 /* [CP] Check Pods Manifest.lock */,
				3DABA3E1223B90DE00469FD1 /* Sources */,
				3DABA3E2223B90DE00469FD1 /* Frameworks */,
				3DABA3E3223B90DE00469FD1 /* Resources */,
				045331BB0D5CC41B80630C74 /* [CP] Embed Pods Frameworks */,
			);
			buildRules = (
			);
			dependencies = (
			);
			name = Lufa;
			productName = Lufa;
			productReference = 3DABA3E5223B90DE00469FD1 /* Lufa.app */;
			productType = "com.apple.product-type.application";
		};
/* End PBXNativeTarget section */

/* Begin PBXProject section */
		3DABA3DD223B90DE00469FD1 /* Project object */ = {
			isa = PBXProject;
			attributes = {
				LastSwiftUpdateCheck = 1010;
				LastUpgradeCheck = 1010;
				ORGANIZATIONNAME = "Konrad Belzowski";
				TargetAttributes = {
					3DABA3E4223B90DE00469FD1 = {
						CreatedOnToolsVersion = 10.1;
					};
				};
			};
			buildConfigurationList = 3DABA3E0223B90DE00469FD1 /* Build configuration list for PBXProject "Lufa" */;
			compatibilityVersion = "Xcode 9.3";
			developmentRegion = en;
			hasScannedForEncodings = 0;
			knownRegions = (
				en,
				Base,
				pl,
			);
			mainGroup = 3DABA3DC223B90DE00469FD1;
			productRefGroup = 3DABA3E6223B90DE00469FD1 /* Products */;
			projectDirPath = "";
			projectRoot = "";
			targets = (
				3DABA3E4223B90DE00469FD1 /* Lufa */,
			);
		};
/* End PBXProject section */

/* Begin PBXResourcesBuildPhase section */
		3DABA3E3223B90DE00469FD1 /* Resources */ = {
			isa = PBXResourcesBuildPhase;
			buildActionMask = 2147483647;
			files = (
				3DA6E9872255F74100015999 /* Language.storyboard in Resources */,
				3DD4A3AC2244DB84002B6A77 /* config.plist in Resources */,
				3DAD82A622B28D2700131683 /* HomeFlightCollectionViewCell.xib in Resources */,
				3DEA56F82251F523003A34D4 /* Authorization.storyboard in Resources */,
				3DD5698122B0CF8400E43B38 /* FlightDetails.storyboard in Resources */,
				3DE0EE60229D2385009AD5D8 /* flight_1.json in Resources */,
				3DE0EE65229D2385009AD5D8 /* duty_1.json in Resources */,
				3DD5697B22AFA10D00E43B38 /* FlightTableViewCell.xib in Resources */,
				3DD5696E22AF920700E43B38 /* Profile.storyboard in Resources */,
				3DA6E98C22560AF600015999 /* Localizable.strings in Resources */,
				3DABA3F6223B90E100469FD1 /* Launch.storyboard in Resources */,
				3DD5697622AF9FF300E43B38 /* Flight.storyboard in Resources */,
				3DCB50EC22AF89E600C0AFF0 /* Menu.storyboard in Resources */,
				3DABA3F3223B90E100469FD1 /* Assets.xcassets in Resources */,
				3DE0EE62229D2385009AD5D8 /* check-in_1.json in Resources */,
				3DAD82AA22B28DCD00131683 /* HomeFlightsTableViewCell.xib in Resources */,
				3DABA3EE223B90DE00469FD1 /* Home.storyboard in Resources */,
				3DE0EE61229D2385009AD5D8 /* crew_1.json in Resources */,
				3DD5698822B2555400E43B38 /* HomeHeaderTableViewCell.xib in Resources */,
			);
			runOnlyForDeploymentPostprocessing = 0;
		};
/* End PBXResourcesBuildPhase section */

/* Begin PBXShellScriptBuildPhase section */
		045331BB0D5CC41B80630C74 /* [CP] Embed Pods Frameworks */ = {
			isa = PBXShellScriptBuildPhase;
			buildActionMask = 2147483647;
			files = (
			);
			inputFileListPaths = (
			);
			inputPaths = (
				"${PODS_ROOT}/Target Support Files/Pods-Lufa/Pods-Lufa-frameworks.sh",
				"${BUILT_PRODUCTS_DIR}/Alamofire/Alamofire.framework",
				"${BUILT_PRODUCTS_DIR}/PKHUD/PKHUD.framework",
			);
			name = "[CP] Embed Pods Frameworks";
			outputFileListPaths = (
			);
			outputPaths = (
				"${TARGET_BUILD_DIR}/${FRAMEWORKS_FOLDER_PATH}/Alamofire.framework",
				"${TARGET_BUILD_DIR}/${FRAMEWORKS_FOLDER_PATH}/PKHUD.framework",
			);
			runOnlyForDeploymentPostprocessing = 0;
			shellPath = /bin/sh;
			shellScript = "\"${PODS_ROOT}/Target Support Files/Pods-Lufa/Pods-Lufa-frameworks.sh\"\n";
			showEnvVarsInLog = 0;
		};
		9AAA07765E7DD5742DDA9207 /* [CP] Check Pods Manifest.lock */ = {
			isa = PBXShellScriptBuildPhase;
			buildActionMask = 2147483647;
			files = (
			);
			inputFileListPaths = (
			);
			inputPaths = (
				"${PODS_PODFILE_DIR_PATH}/Podfile.lock",
				"${PODS_ROOT}/Manifest.lock",
			);
			name = "[CP] Check Pods Manifest.lock";
			outputFileListPaths = (
			);
			outputPaths = (
				"$(DERIVED_FILE_DIR)/Pods-Lufa-checkManifestLockResult.txt",
			);
			runOnlyForDeploymentPostprocessing = 0;
			shellPath = /bin/sh;
			shellScript = "diff \"${PODS_PODFILE_DIR_PATH}/Podfile.lock\" \"${PODS_ROOT}/Manifest.lock\" > /dev/null\nif [ $? != 0 ] ; then\n    # print error to STDERR\n    echo \"error: The sandbox is not in sync with the Podfile.lock. Run 'pod install' or update your CocoaPods installation.\" >&2\n    exit 1\nfi\n# This output is used by Xcode 'outputs' to avoid re-running this script phase.\necho \"SUCCESS\" > \"${SCRIPT_OUTPUT_FILE_0}\"\n";
			showEnvVarsInLog = 0;
		};
/* End PBXShellScriptBuildPhase section */

/* Begin PBXSourcesBuildPhase section */
		3DABA3E1223B90DE00469FD1 /* Sources */ = {
			isa = PBXSourcesBuildPhase;
			buildActionMask = 2147483647;
			files = (
				3DD4A3B222452539002B6A77 /* BaseViewController.swift in Sources */,
				3DCB50D822AF7E2B00C0AFF0 /* Employee+CoreDataProperties.swift in Sources */,
				3DEA57012251FBFC003A34D4 /* WindowController.swift in Sources */,
				3DD5697F22B0CF5000E43B38 /* FlightDetailsViewController.swift in Sources */,
				3DE0EE44229D211E009AD5D8 /* DutyEvent+CoreDataClass.swift in Sources */,
				3DA47B8122A7BD530095FA85 /* LocalRepositoryContext+CheckIn.swift in Sources */,
				3DD4A3AF2244E2AB002B6A77 /* ConfigurationManager.swift in Sources */,
				3DE0EE50229D211E009AD5D8 /* DutyDay+CoreDataClass.swift in Sources */,
				3DE0EE4A229D211E009AD5D8 /* CrewFlight+CoreDataClass.swift in Sources */,
				3DCB50EA22AF899300C0AFF0 /* MenuTapBarController.swift in Sources */,
				3DE0EE57229D211E009AD5D8 /* Duty+CoreDataProperties.swift in Sources */,
				3DCB50E422AF88CC00C0AFF0 /* MenuBaseItem.swift in Sources */,
				3DCB50E022AF84E800C0AFF0 /* MenuFactory.swift in Sources */,
				3DDDDB37224B8DE3006BFCD1 /* RemoteRepositoryContext+Crew.swift in Sources */,
				3DCB50D722AF7E2B00C0AFF0 /* Employee+CoreDataClass.swift in Sources */,
				3DCB50CE22AE652D00C0AFF0 /* Country+CoreDataProperties.swift in Sources */,
				3DD5697D22AFADBB00E43B38 /* LocalRepositoryContext+Flight.swift in Sources */,
				3DE0EE69229D26AE009AD5D8 /* JsonReader.swift in Sources */,
				3DCB50DA22AF814700C0AFF0 /* LocalRepositoryContext+Employee.swift in Sources */,
				3DCB50E622AF88EF00C0AFF0 /* MenuHomeItem.swift in Sources */,
				3DAD82A322B28CF200131683 /* HomeFlightCollectionViewCell.swift in Sources */,
				3DA47B8522AA534B0095FA85 /* LocalRepositoryContext+Crew.swift in Sources */,
				3DDDDB3B224E240E006BFCD1 /* HomeViewController.swift in Sources */,
				3DA47B7422A4EF470095FA85 /* RemoteRepositoryContext+Duty.swift in Sources */,
				3DD5698622B2553B00E43B38 /* HomeHeaderTableViewCell.swift in Sources */,
				3DD5696C22AF91EE00E43B38 /* ProfileViewController.swift in Sources */,
				3DE0EE55229D211E009AD5D8 /* Crew+CoreDataProperties.swift in Sources */,
				3DCB50CD22AE652D00C0AFF0 /* Country+CoreDataClass.swift in Sources */,
				3D34DC882253536700590FD2 /* ProgressPresenter.swift in Sources */,
				3DA47B7A22A524310095FA85 /* NSManagedObject+Lufa.swift in Sources */,
				3DCB50D322AE778100C0AFF0 /* City+CoreDataClass.swift in Sources */,
				3DDDDB39224B8F54006BFCD1 /* RemoteRepositoryContext.swift in Sources */,
				3DABA3EB223B90DE00469FD1 /* LaunchViewController.swift in Sources */,
				3DE0EE4E229D211E009AD5D8 /* CrewMember+CoreDataClass.swift in Sources */,
				3DAD82A822B28DC300131683 /* HomeFlightsTableViewCell.swift in Sources */,
				3DCB50C622AE58CB00C0AFF0 /* RemoteRepositoryContext+Country.swift in Sources */,
				3DE0EE4D229D211E009AD5D8 /* CheckIn+CoreDataProperties.swift in Sources */,
				3DA6E99322560B7C00015999 /* String+Lufa.swift in Sources */,
				3DE0EE54229D211E009AD5D8 /* Crew+CoreDataClass.swift in Sources */,
				3DD5697422AF9FB700E43B38 /* FlightListViewController.swift in Sources */,
				3DE0EE4F229D211E009AD5D8 /* CrewMember+CoreDataProperties.swift in Sources */,
				3DCB50D022AE750D00C0AFF0 /* RemoteRepositoryContext+City.swift in Sources */,
				3DCB50D422AE778100C0AFF0 /* City+CoreDataProperties.swift in Sources */,
				3D34DC86225351BE00590FD2 /* Button+Lufa.swift in Sources */,
				3DABA3F1223B90DE00469FD1 /* Lufa.xcdatamodeld in Sources */,
				3DE0EE49229D211E009AD5D8 /* DutyEventLink+CoreDataProperties.swift in Sources */,
				3DE0EE4B229D211E009AD5D8 /* CrewFlight+CoreDataProperties.swift in Sources */,
				3DDDDB3D224E3E68006BFCD1 /* RemoteRepositoryContext+Authenticate.swift in Sources */,
				3DEA56F62251F4FA003A34D4 /* AuthorizationViewController.swift in Sources */,
				3DA6E9852255F71900015999 /* LanguageViewController.swift in Sources */,
				3DE0EE51229D211E009AD5D8 /* DutyDay+CoreDataProperties.swift in Sources */,
				3DA47B7C22A78E380095FA85 /* RemoteRepositoryContext+CheckIn.swift in Sources */,
				3DE0EE56229D211E009AD5D8 /* Duty+CoreDataClass.swift in Sources */,
				3DE0EE52229D211E009AD5D8 /* Flight+CoreDataClass.swift in Sources */,
				3DD5697A22AFA10D00E43B38 /* FlightTableViewCell.swift in Sources */,
				3DA47B7622A501370095FA85 /* DateFormatter+Lufa.swift in Sources */,
				3DA47B8322A7C4520095FA85 /* RemoteRepositoryContext+Flight.swift in Sources */,
				3DE0EE53229D211E009AD5D8 /* Flight+CoreDataProperties.swift in Sources */,
				3DCB50E822AF891800C0AFF0 /* MenuProfileItem.swift in Sources */,
				3DE0EE47229D211E009AD5D8 /* DutyEventAttributes+CoreDataProperties.swift in Sources */,
				3DE0EE4C229D211E009AD5D8 /* CheckIn+CoreDataClass.swift in Sources */,
				3DABA3E9223B90DE00469FD1 /* AppDelegate.swift in Sources */,
				3DE0EE26229D1ADC009AD5D8 /* LocalRepositoryContext.swift in Sources */,
				3DE0EE46229D211E009AD5D8 /* DutyEventAttributes+CoreDataClass.swift in Sources */,
				3DE0EE45229D211E009AD5D8 /* DutyEvent+CoreDataProperties.swift in Sources */,
				3DE0EE48229D211E009AD5D8 /* DutyEventLink+CoreDataClass.swift in Sources */,
				3DE0EE74229FA621009AD5D8 /* UIColor+Lufa.swift in Sources */,
				3DA6E996225610B100015999 /* LanguageManager.swift in Sources */,
			);
			runOnlyForDeploymentPostprocessing = 0;
		};
/* End PBXSourcesBuildPhase section */

/* Begin PBXVariantGroup section */
		3DA6E98E22560AF600015999 /* Localizable.strings */ = {
			isa = PBXVariantGroup;
			children = (
				3DA6E98D22560AF600015999 /* en */,
				3DA6E98F22560B1600015999 /* pl */,
			);
			name = Localizable.strings;
			sourceTree = "<group>";
		};
		3DABA3EC223B90DE00469FD1 /* Home.storyboard */ = {
			isa = PBXVariantGroup;
			children = (
				3DABA3ED223B90DE00469FD1 /* Base */,
			);
			name = Home.storyboard;
			sourceTree = "<group>";
		};
		3DABA3F4223B90E100469FD1 /* Launch.storyboard */ = {
			isa = PBXVariantGroup;
			children = (
				3DABA3F5223B90E100469FD1 /* Base */,
			);
			name = Launch.storyboard;
			sourceTree = "<group>";
		};
/* End PBXVariantGroup section */

/* Begin XCBuildConfiguration section */
		3DABA3F8223B90E100469FD1 /* Debug */ = {
			isa = XCBuildConfiguration;
			buildSettings = {
				ALWAYS_SEARCH_USER_PATHS = NO;
				CLANG_ANALYZER_LOCALIZABILITY_NONLOCALIZED = YES;
				CLANG_ANALYZER_NONNULL = YES;
				CLANG_ANALYZER_NUMBER_OBJECT_CONVERSION = YES_AGGRESSIVE;
				CLANG_CXX_LANGUAGE_STANDARD = "gnu++14";
				CLANG_CXX_LIBRARY = "libc++";
				CLANG_ENABLE_MODULES = YES;
				CLANG_ENABLE_OBJC_ARC = YES;
				CLANG_ENABLE_OBJC_WEAK = YES;
				CLANG_WARN_BLOCK_CAPTURE_AUTORELEASING = YES;
				CLANG_WARN_BOOL_CONVERSION = YES;
				CLANG_WARN_COMMA = YES;
				CLANG_WARN_CONSTANT_CONVERSION = YES;
				CLANG_WARN_DEPRECATED_OBJC_IMPLEMENTATIONS = YES;
				CLANG_WARN_DIRECT_OBJC_ISA_USAGE = YES_ERROR;
				CLANG_WARN_DOCUMENTATION_COMMENTS = YES;
				CLANG_WARN_EMPTY_BODY = YES;
				CLANG_WARN_ENUM_CONVERSION = YES;
				CLANG_WARN_INFINITE_RECURSION = YES;
				CLANG_WARN_INT_CONVERSION = YES;
				CLANG_WARN_NON_LITERAL_NULL_CONVERSION = YES;
				CLANG_WARN_OBJC_IMPLICIT_RETAIN_SELF = YES;
				CLANG_WARN_OBJC_LITERAL_CONVERSION = YES;
				CLANG_WARN_OBJC_ROOT_CLASS = YES_ERROR;
				CLANG_WARN_RANGE_LOOP_ANALYSIS = YES;
				CLANG_WARN_STRICT_PROTOTYPES = YES;
				CLANG_WARN_SUSPICIOUS_MOVE = YES;
				CLANG_WARN_UNGUARDED_AVAILABILITY = YES_AGGRESSIVE;
				CLANG_WARN_UNREACHABLE_CODE = YES;
				CLANG_WARN__DUPLICATE_METHOD_MATCH = YES;
				CODE_SIGN_IDENTITY = "iPhone Developer";
				COPY_PHASE_STRIP = NO;
				DEBUG_INFORMATION_FORMAT = dwarf;
				ENABLE_STRICT_OBJC_MSGSEND = YES;
				ENABLE_TESTABILITY = YES;
				GCC_C_LANGUAGE_STANDARD = gnu11;
				GCC_DYNAMIC_NO_PIC = NO;
				GCC_NO_COMMON_BLOCKS = YES;
				GCC_OPTIMIZATION_LEVEL = 0;
				GCC_PREPROCESSOR_DEFINITIONS = (
					"DEBUG=1",
					"$(inherited)",
				);
				GCC_WARN_64_TO_32_BIT_CONVERSION = YES;
				GCC_WARN_ABOUT_RETURN_TYPE = YES_ERROR;
				GCC_WARN_UNDECLARED_SELECTOR = YES;
				GCC_WARN_UNINITIALIZED_AUTOS = YES_AGGRESSIVE;
				GCC_WARN_UNUSED_FUNCTION = YES;
				GCC_WARN_UNUSED_VARIABLE = YES;
				IPHONEOS_DEPLOYMENT_TARGET = 12.1;
				MTL_ENABLE_DEBUG_INFO = INCLUDE_SOURCE;
				MTL_FAST_MATH = YES;
				ONLY_ACTIVE_ARCH = YES;
				SDKROOT = iphoneos;
				SWIFT_ACTIVE_COMPILATION_CONDITIONS = DEBUG;
				SWIFT_OPTIMIZATION_LEVEL = "-Onone";
			};
			name = Debug;
		};
		3DABA3F9223B90E100469FD1 /* Release */ = {
			isa = XCBuildConfiguration;
			buildSettings = {
				ALWAYS_SEARCH_USER_PATHS = NO;
				CLANG_ANALYZER_LOCALIZABILITY_NONLOCALIZED = YES;
				CLANG_ANALYZER_NONNULL = YES;
				CLANG_ANALYZER_NUMBER_OBJECT_CONVERSION = YES_AGGRESSIVE;
				CLANG_CXX_LANGUAGE_STANDARD = "gnu++14";
				CLANG_CXX_LIBRARY = "libc++";
				CLANG_ENABLE_MODULES = YES;
				CLANG_ENABLE_OBJC_ARC = YES;
				CLANG_ENABLE_OBJC_WEAK = YES;
				CLANG_WARN_BLOCK_CAPTURE_AUTORELEASING = YES;
				CLANG_WARN_BOOL_CONVERSION = YES;
				CLANG_WARN_COMMA = YES;
				CLANG_WARN_CONSTANT_CONVERSION = YES;
				CLANG_WARN_DEPRECATED_OBJC_IMPLEMENTATIONS = YES;
				CLANG_WARN_DIRECT_OBJC_ISA_USAGE = YES_ERROR;
				CLANG_WARN_DOCUMENTATION_COMMENTS = YES;
				CLANG_WARN_EMPTY_BODY = YES;
				CLANG_WARN_ENUM_CONVERSION = YES;
				CLANG_WARN_INFINITE_RECURSION = YES;
				CLANG_WARN_INT_CONVERSION = YES;
				CLANG_WARN_NON_LITERAL_NULL_CONVERSION = YES;
				CLANG_WARN_OBJC_IMPLICIT_RETAIN_SELF = YES;
				CLANG_WARN_OBJC_LITERAL_CONVERSION = YES;
				CLANG_WARN_OBJC_ROOT_CLASS = YES_ERROR;
				CLANG_WARN_RANGE_LOOP_ANALYSIS = YES;
				CLANG_WARN_STRICT_PROTOTYPES = YES;
				CLANG_WARN_SUSPICIOUS_MOVE = YES;
				CLANG_WARN_UNGUARDED_AVAILABILITY = YES_AGGRESSIVE;
				CLANG_WARN_UNREACHABLE_CODE = YES;
				CLANG_WARN__DUPLICATE_METHOD_MATCH = YES;
				CODE_SIGN_IDENTITY = "iPhone Developer";
				COPY_PHASE_STRIP = NO;
				DEBUG_INFORMATION_FORMAT = "dwarf-with-dsym";
				ENABLE_NS_ASSERTIONS = NO;
				ENABLE_STRICT_OBJC_MSGSEND = YES;
				GCC_C_LANGUAGE_STANDARD = gnu11;
				GCC_NO_COMMON_BLOCKS = YES;
				GCC_WARN_64_TO_32_BIT_CONVERSION = YES;
				GCC_WARN_ABOUT_RETURN_TYPE = YES_ERROR;
				GCC_WARN_UNDECLARED_SELECTOR = YES;
				GCC_WARN_UNINITIALIZED_AUTOS = YES_AGGRESSIVE;
				GCC_WARN_UNUSED_FUNCTION = YES;
				GCC_WARN_UNUSED_VARIABLE = YES;
				IPHONEOS_DEPLOYMENT_TARGET = 12.1;
				MTL_ENABLE_DEBUG_INFO = NO;
				MTL_FAST_MATH = YES;
				SDKROOT = iphoneos;
				SWIFT_COMPILATION_MODE = wholemodule;
				SWIFT_OPTIMIZATION_LEVEL = "-O";
				VALIDATE_PRODUCT = YES;
			};
			name = Release;
		};
		3DABA3FB223B90E100469FD1 /* Debug */ = {
			isa = XCBuildConfiguration;
			baseConfigurationReference = B414BBDB5F15B288D515813B /* Pods-Lufa.debug.xcconfig */;
			buildSettings = {
				ASSETCATALOG_COMPILER_APPICON_NAME = AppIcon;
				CODE_SIGN_STYLE = Automatic;
				INFOPLIST_FILE = "$(SRCROOT)/Configuration/Info.plist";
				LD_RUNPATH_SEARCH_PATHS = (
					"$(inherited)",
					"@executable_path/Frameworks",
				);
				PRODUCT_BUNDLE_IDENTIFIER = Belzowski.Lufa;
				PRODUCT_NAME = "$(TARGET_NAME)";
				SWIFT_VERSION = 4.2;
				TARGETED_DEVICE_FAMILY = "1,2";
			};
			name = Debug;
		};
		3DABA3FC223B90E100469FD1 /* Release */ = {
			isa = XCBuildConfiguration;
			baseConfigurationReference = 731208F7E4CD314223BB4C4E /* Pods-Lufa.release.xcconfig */;
			buildSettings = {
				ASSETCATALOG_COMPILER_APPICON_NAME = AppIcon;
				CODE_SIGN_STYLE = Automatic;
				INFOPLIST_FILE = "$(SRCROOT)/Configuration/Info.plist";
				LD_RUNPATH_SEARCH_PATHS = (
					"$(inherited)",
					"@executable_path/Frameworks",
				);
				PRODUCT_BUNDLE_IDENTIFIER = Belzowski.Lufa;
				PRODUCT_NAME = "$(TARGET_NAME)";
				SWIFT_VERSION = 4.2;
				TARGETED_DEVICE_FAMILY = "1,2";
			};
			name = Release;
		};
/* End XCBuildConfiguration section */

/* Begin XCConfigurationList section */
		3DABA3E0223B90DE00469FD1 /* Build configuration list for PBXProject "Lufa" */ = {
			isa = XCConfigurationList;
			buildConfigurations = (
				3DABA3F8223B90E100469FD1 /* Debug */,
				3DABA3F9223B90E100469FD1 /* Release */,
			);
			defaultConfigurationIsVisible = 0;
			defaultConfigurationName = Release;
		};
		3DABA3FA223B90E100469FD1 /* Build configuration list for PBXNativeTarget "Lufa" */ = {
			isa = XCConfigurationList;
			buildConfigurations = (
				3DABA3FB223B90E100469FD1 /* Debug */,
				3DABA3FC223B90E100469FD1 /* Release */,
			);
			defaultConfigurationIsVisible = 0;
			defaultConfigurationName = Release;
		};
/* End XCConfigurationList section */

/* Begin XCVersionGroup section */
		3DABA3EF223B90DE00469FD1 /* Lufa.xcdatamodeld */ = {
			isa = XCVersionGroup;
			children = (
				3DABA3F0223B90DE00469FD1 /* Lufa.xcdatamodel */,
			);
			currentVersion = 3DABA3F0223B90DE00469FD1 /* Lufa.xcdatamodel */;
			path = Lufa.xcdatamodeld;
			sourceTree = "<group>";
			versionGroupType = wrapper.xcdatamodel;
		};
/* End XCVersionGroup section */
	};
	rootObject = 3DABA3DD223B90DE00469FD1 /* Project object */;
}
